// !$*UTF8*$!
{
	archiveVersion = 1;
	classes = {
	};
	objectVersion = 56;
	objects = {

/* Begin PBXBuildFile section */
		7D7E983F2ABF92ED003FF1ED /* StarWarsController.swift in Sources */ = {isa = PBXBuildFile; fileRef = 7D7E983E2ABF92ED003FF1ED /* StarWarsController.swift */; };
		7D7E98422AC116EB003FF1ED /* PlanetController.swift in Sources */ = {isa = PBXBuildFile; fileRef = 7D7E98402AC116EB003FF1ED /* PlanetController.swift */; };
		7D7E98432AC116EB003FF1ED /* PlanetController.xib in Resources */ = {isa = PBXBuildFile; fileRef = 7D7E98412AC116EB003FF1ED /* PlanetController.xib */; };
		7D81A3382AAACACE000FA24B /* AppDelegate.swift in Sources */ = {isa = PBXBuildFile; fileRef = 7D81A3372AAACACE000FA24B /* AppDelegate.swift */; };
		7D81A33A2AAACACE000FA24B /* SceneDelegate.swift in Sources */ = {isa = PBXBuildFile; fileRef = 7D81A3392AAACACE000FA24B /* SceneDelegate.swift */; };
		7D81A33C2AAACACE000FA24B /* MainController.swift in Sources */ = {isa = PBXBuildFile; fileRef = 7D81A33B2AAACACE000FA24B /* MainController.swift */; };
		7D81A34F2AAC1305000FA24B /* UIColor+.swift in Sources */ = {isa = PBXBuildFile; fileRef = 7D81A34E2AAC1305000FA24B /* UIColor+.swift */; };
		7D81A3512AAC1380000FA24B /* FlagViewController.swift in Sources */ = {isa = PBXBuildFile; fileRef = 7D81A3502AAC1380000FA24B /* FlagViewController.swift */; };
		7D81A3532AAC147E000FA24B /* Assets.xcassets in Resources */ = {isa = PBXBuildFile; fileRef = 7D81A3522AAC147E000FA24B /* Assets.xcassets */; };
/* End PBXBuildFile section */

/* Begin PBXFileReference section */
		7D7E983E2ABF92ED003FF1ED /* StarWarsController.swift */ = {isa = PBXFileReference; lastKnownFileType = sourcecode.swift; path = StarWarsController.swift; sourceTree = "<group>"; };
		7D7E98402AC116EB003FF1ED /* PlanetController.swift */ = {isa = PBXFileReference; lastKnownFileType = sourcecode.swift; path = PlanetController.swift; sourceTree = "<group>"; };
		7D7E98412AC116EB003FF1ED /* PlanetController.xib */ = {isa = PBXFileReference; lastKnownFileType = file.xib; path = PlanetController.xib; sourceTree = "<group>"; };
		7D81A3342AAACACE000FA24B /* TabBarMenuLab.app */ = {isa = PBXFileReference; explicitFileType = wrapper.application; includeInIndex = 0; path = TabBarMenuLab.app; sourceTree = BUILT_PRODUCTS_DIR; };
		7D81A3372AAACACE000FA24B /* AppDelegate.swift */ = {isa = PBXFileReference; lastKnownFileType = sourcecode.swift; path = AppDelegate.swift; sourceTree = "<group>"; };
		7D81A3392AAACACE000FA24B /* SceneDelegate.swift */ = {isa = PBXFileReference; lastKnownFileType = sourcecode.swift; path = SceneDelegate.swift; sourceTree = "<group>"; };
		7D81A33B2AAACACE000FA24B /* MainController.swift */ = {isa = PBXFileReference; lastKnownFileType = sourcecode.swift; path = MainController.swift; sourceTree = "<group>"; };
		7D81A3452AAACAD1000FA24B /* Info.plist */ = {isa = PBXFileReference; lastKnownFileType = text.plist.xml; path = Info.plist; sourceTree = "<group>"; };
		7D81A34E2AAC1305000FA24B /* UIColor+.swift */ = {isa = PBXFileReference; fileEncoding = 4; lastKnownFileType = sourcecode.swift; path = "UIColor+.swift"; sourceTree = "<group>"; };
		7D81A3502AAC1380000FA24B /* FlagViewController.swift */ = {isa = PBXFileReference; lastKnownFileType = sourcecode.swift; path = FlagViewController.swift; sourceTree = "<group>"; };
		7D81A3522AAC147E000FA24B /* Assets.xcassets */ = {isa = PBXFileReference; lastKnownFileType = folder.assetcatalog; name = Assets.xcassets; path = ../../GuessTheFlag2.0/GuessTheFlag2.0/Assets.xcassets; sourceTree = "<group>"; };
/* End PBXFileReference section */

/* Begin PBXFrameworksBuildPhase section */
		7D81A3312AAACACE000FA24B /* Frameworks */ = {
			isa = PBXFrameworksBuildPhase;
			buildActionMask = 2147483647;
			files = (
			);
			runOnlyForDeploymentPostprocessing = 0;
		};
/* End PBXFrameworksBuildPhase section */

/* Begin PBXGroup section */
		7D81A32B2AAACACE000FA24B = {
			isa = PBXGroup;
			children = (
				7D81A3362AAACACE000FA24B /* TabBarMenuLab */,
				7D81A3352AAACACE000FA24B /* Products */,
			);
			sourceTree = "<group>";
		};
		7D81A3352AAACACE000FA24B /* Products */ = {
			isa = PBXGroup;
			children = (
				7D81A3342AAACACE000FA24B /* TabBarMenuLab.app */,
			);
			name = Products;
			sourceTree = "<group>";
		};
		7D81A3362AAACACE000FA24B /* TabBarMenuLab */ = {
			isa = PBXGroup;
			children = (
				7D81A34D2AAC1305000FA24B /* Extensions */,
				7D81A3372AAACACE000FA24B /* AppDelegate.swift */,
				7D81A3392AAACACE000FA24B /* SceneDelegate.swift */,
				7D81A33B2AAACACE000FA24B /* MainController.swift */,
				7D81A3502AAC1380000FA24B /* FlagViewController.swift */,
				7D7E983E2ABF92ED003FF1ED /* StarWarsController.swift */,
				7D81A3522AAC147E000FA24B /* Assets.xcassets */,
				7D81A3452AAACAD1000FA24B /* Info.plist */,
				7D7E98402AC116EB003FF1ED /* PlanetController.swift */,
				7D7E98412AC116EB003FF1ED /* PlanetController.xib */,
			);
			path = TabBarMenuLab;
			sourceTree = "<group>";
		};
		7D81A34D2AAC1305000FA24B /* Extensions */ = {
			isa = PBXGroup;
			children = (
				7D81A34E2AAC1305000FA24B /* UIColor+.swift */,
			);
			path = Extensions;
			sourceTree = "<group>";
		};
/* End PBXGroup section */

/* Begin PBXNativeTarget section */
		7D81A3332AAACACE000FA24B /* TabBarMenuLab */ = {
			isa = PBXNativeTarget;
			buildConfigurationList = 7D81A3482AAACAD1000FA24B /* Build configuration list for PBXNativeTarget "TabBarMenuLab" */;
			buildPhases = (
				7D81A3302AAACACE000FA24B /* Sources */,
				7D81A3312AAACACE000FA24B /* Frameworks */,
				7D81A3322AAACACE000FA24B /* Resources */,
			);
			buildRules = (
			);
			dependencies = (
			);
			name = TabBarMenuLab;
			productName = TabBarMenuLab;
			productReference = 7D81A3342AAACACE000FA24B /* TabBarMenuLab.app */;
			productType = "com.apple.product-type.application";
		};
/* End PBXNativeTarget section */

/* Begin PBXProject section */
		7D81A32C2AAACACE000FA24B /* Project object */ = {
			isa = PBXProject;
			attributes = {
				BuildIndependentTargetsInParallel = 1;
				LastSwiftUpdateCheck = 1430;
				LastUpgradeCheck = 1430;
				TargetAttributes = {
					7D81A3332AAACACE000FA24B = {
						CreatedOnToolsVersion = 14.3.1;
					};
				};
			};
			buildConfigurationList = 7D81A32F2AAACACE000FA24B /* Build configuration list for PBXProject "TabBarMenuLab" */;
			compatibilityVersion = "Xcode 14.0";
			developmentRegion = en;
			hasScannedForEncodings = 0;
			knownRegions = (
				en,
				Base,
			);
			mainGroup = 7D81A32B2AAACACE000FA24B;
			productRefGroup = 7D81A3352AAACACE000FA24B /* Products */;
			projectDirPath = "";
			projectRoot = "";
			targets = (
				7D81A3332AAACACE000FA24B /* TabBarMenuLab */,
			);
		};
/* End PBXProject section */

/* Begin PBXResourcesBuildPhase section */
		7D81A3322AAACACE000FA24B /* Resources */ = {
			isa = PBXResourcesBuildPhase;
			buildActionMask = 2147483647;
			files = (
				7D81A3532AAC147E000FA24B /* Assets.xcassets in Resources */,
				7D7E98432AC116EB003FF1ED /* PlanetController.xib in Resources */,
			);
			runOnlyForDeploymentPostprocessing = 0;
		};
/* End PBXResourcesBuildPhase section */

/* Begin PBXSourcesBuildPhase section */
		7D81A3302AAACACE000FA24B /* Sources */ = {
			isa = PBXSourcesBuildPhase;
			buildActionMask = 2147483647;
			files = (
				7D7E983F2ABF92ED003FF1ED /* StarWarsController.swift in Sources */,
				7D81A33C2AAACACE000FA24B /* MainController.swift in Sources */,
				7D81A3382AAACACE000FA24B /* AppDelegate.swift in Sources */,
				7D81A3512AAC1380000FA24B /* FlagViewController.swift in Sources */,
				7D81A33A2AAACACE000FA24B /* SceneDelegate.swift in Sources */,
				7D7E98422AC116EB003FF1ED /* PlanetController.swift in Sources */,
				7D81A34F2AAC1305000FA24B /* UIColor+.swift in Sources */,
			);
			runOnlyForDeploymentPostprocessing = 0;
		};
/* End PBXSourcesBuildPhase section */

/* Begin XCBuildConfiguration section */
		7D81A3462AAACAD1000FA24B /* Debug */ = {
			isa = XCBuildConfiguration;
			buildSettings = {
				ALWAYS_SEARCH_USER_PATHS = NO;
				CLANG_ANALYZER_NONNULL = YES;
				CLANG_ANALYZER_NUMBER_OBJECT_CONVERSION = YES_AGGRESSIVE;
				CLANG_CXX_LANGUAGE_STANDARD = "gnu++20";
				CLANG_ENABLE_MODULES = YES;
				CLANG_ENABLE_OBJC_ARC = YES;
				CLANG_ENABLE_OBJC_WEAK = YES;
				CLANG_WARN_BLOCK_CAPTURE_AUTORELEASING = YES;
				CLANG_WARN_BOOL_CONVERSION = YES;
				CLANG_WARN_COMMA = YES;
				CLANG_WARN_CONSTANT_CONVERSION = YES;
				CLANG_WARN_DEPRECATED_OBJC_IMPLEMENTATIONS = YES;
				CLANG_WARN_DIRECT_OBJC_ISA_USAGE = YES_ERROR;
				CLANG_WARN_DOCUMENTATION_COMMENTS = YES;
				CLANG_WARN_EMPTY_BODY = YES;
				CLANG_WARN_ENUM_CONVERSION = YES;
				CLANG_WARN_INFINITE_RECURSION = YES;
				CLANG_WARN_INT_CONVERSION = YES;
				CLANG_WARN_NON_LITERAL_NULL_CONVERSION = YES;
				CLANG_WARN_OBJC_IMPLICIT_RETAIN_SELF = YES;
				CLANG_WARN_OBJC_LITERAL_CONVERSION = YES;
				CLANG_WARN_OBJC_ROOT_CLASS = YES_ERROR;
				CLANG_WARN_QUOTED_INCLUDE_IN_FRAMEWORK_HEADER = YES;
				CLANG_WARN_RANGE_LOOP_ANALYSIS = YES;
				CLANG_WARN_STRICT_PROTOTYPES = YES;
				CLANG_WARN_SUSPICIOUS_MOVE = YES;
				CLANG_WARN_UNGUARDED_AVAILABILITY = YES_AGGRESSIVE;
				CLANG_WARN_UNREACHABLE_CODE = YES;
				CLANG_WARN__DUPLICATE_METHOD_MATCH = YES;
				COPY_PHASE_STRIP = NO;
				DEBUG_INFORMATION_FORMAT = dwarf;
				ENABLE_STRICT_OBJC_MSGSEND = YES;
				ENABLE_TESTABILITY = YES;
				GCC_C_LANGUAGE_STANDARD = gnu11;
				GCC_DYNAMIC_NO_PIC = NO;
				GCC_NO_COMMON_BLOCKS = YES;
				GCC_OPTIMIZATION_LEVEL = 0;
				GCC_PREPROCESSOR_DEFINITIONS = (
					"DEBUG=1",
					"$(inherited)",
				);
				GCC_WARN_64_TO_32_BIT_CONVERSION = YES;
				GCC_WARN_ABOUT_RETURN_TYPE = YES_ERROR;
				GCC_WARN_UNDECLARED_SELECTOR = YES;
				GCC_WARN_UNINITIALIZED_AUTOS = YES_AGGRESSIVE;
				GCC_WARN_UNUSED_FUNCTION = YES;
				GCC_WARN_UNUSED_VARIABLE = YES;
				IPHONEOS_DEPLOYMENT_TARGET = 16.4;
				MTL_ENABLE_DEBUG_INFO = INCLUDE_SOURCE;
				MTL_FAST_MATH = YES;
				ONLY_ACTIVE_ARCH = YES;
				SDKROOT = iphoneos;
				SWIFT_ACTIVE_COMPILATION_CONDITIONS = DEBUG;
				SWIFT_OPTIMIZATION_LEVEL = "-Onone";
			};
			name = Debug;
		};
		7D81A3472AAACAD1000FA24B /* Release */ = {
			isa = XCBuildConfiguration;
			buildSettings = {
				ALWAYS_SEARCH_USER_PATHS = NO;
				CLANG_ANALYZER_NONNULL = YES;
				CLANG_ANALYZER_NUMBER_OBJECT_CONVERSION = YES_AGGRESSIVE;
				CLANG_CXX_LANGUAGE_STANDARD = "gnu++20";
				CLANG_ENABLE_MODULES = YES;
				CLANG_ENABLE_OBJC_ARC = YES;
				CLANG_ENABLE_OBJC_WEAK = YES;
				CLANG_WARN_BLOCK_CAPTURE_AUTORELEASING = YES;
				CLANG_WARN_BOOL_CONVERSION = YES;
				CLANG_WARN_COMMA = YES;
				CLANG_WARN_CONSTANT_CONVERSION = YES;
				CLANG_WARN_DEPRECATED_OBJC_IMPLEMENTATIONS = YES;
				CLANG_WARN_DIRECT_OBJC_ISA_USAGE = YES_ERROR;
				CLANG_WARN_DOCUMENTATION_COMMENTS = YES;
				CLANG_WARN_EMPTY_BODY = YES;
				CLANG_WARN_ENUM_CONVERSION = YES;
				CLANG_WARN_INFINITE_RECURSION = YES;
				CLANG_WARN_INT_CONVERSION = YES;
				CLANG_WARN_NON_LITERAL_NULL_CONVERSION = YES;
				CLANG_WARN_OBJC_IMPLICIT_RETAIN_SELF = YES;
				CLANG_WARN_OBJC_LITERAL_CONVERSION = YES;
				CLANG_WARN_OBJC_ROOT_CLASS = YES_ERROR;
				CLANG_WARN_QUOTED_INCLUDE_IN_FRAMEWORK_HEADER = YES;
				CLANG_WARN_RANGE_LOOP_ANALYSIS = YES;
				CLANG_WARN_STRICT_PROTOTYPES = YES;
				CLANG_WARN_SUSPICIOUS_MOVE = YES;
				CLANG_WARN_UNGUARDED_AVAILABILITY = YES_AGGRESSIVE;
				CLANG_WARN_UNREACHABLE_CODE = YES;
				CLANG_WARN__DUPLICATE_METHOD_MATCH = YES;
				COPY_PHASE_STRIP = NO;
				DEBUG_INFORMATION_FORMAT = "dwarf-with-dsym";
				ENABLE_NS_ASSERTIONS = NO;
				ENABLE_STRICT_OBJC_MSGSEND = YES;
				GCC_C_LANGUAGE_STANDARD = gnu11;
				GCC_NO_COMMON_BLOCKS = YES;
				GCC_WARN_64_TO_32_BIT_CONVERSION = YES;
				GCC_WARN_ABOUT_RETURN_TYPE = YES_ERROR;
				GCC_WARN_UNDECLARED_SELECTOR = YES;
				GCC_WARN_UNINITIALIZED_AUTOS = YES_AGGRESSIVE;
				GCC_WARN_UNUSED_FUNCTION = YES;
				GCC_WARN_UNUSED_VARIABLE = YES;
				IPHONEOS_DEPLOYMENT_TARGET = 16.4;
				MTL_ENABLE_DEBUG_INFO = NO;
				MTL_FAST_MATH = YES;
				SDKROOT = iphoneos;
				SWIFT_COMPILATION_MODE = wholemodule;
				SWIFT_OPTIMIZATION_LEVEL = "-O";
				VALIDATE_PRODUCT = YES;
			};
			name = Release;
		};
		7D81A3492AAACAD1000FA24B /* Debug */ = {
			isa = XCBuildConfiguration;
			buildSettings = {
				ASSETCATALOG_COMPILER_APPICON_NAME = AppIcon;
				ASSETCATALOG_COMPILER_GLOBAL_ACCENT_COLOR_NAME = AccentColor;
				CODE_SIGN_STYLE = Automatic;
				CURRENT_PROJECT_VERSION = 1;
				DEVELOPMENT_TEAM = J974G5Q3H8;
				GENERATE_INFOPLIST_FILE = YES;
				INFOPLIST_FILE = TabBarMenuLab/Info.plist;
				INFOPLIST_KEY_UIApplicationSupportsIndirectInputEvents = YES;
				INFOPLIST_KEY_UILaunchStoryboardName = LaunchScreen;
				INFOPLIST_KEY_UISupportedInterfaceOrientations_iPad = "UIInterfaceOrientationPortrait UIInterfaceOrientationPortraitUpsideDown UIInterfaceOrientationLandscapeLeft UIInterfaceOrientationLandscapeRight";
				INFOPLIST_KEY_UISupportedInterfaceOrientations_iPhone = "UIInterfaceOrientationPortrait UIInterfaceOrientationLandscapeLeft UIInterfaceOrientationLandscapeRight";
				LD_RUNPATH_SEARCH_PATHS = (
					"$(inherited)",
					"@executable_path/Frameworks",
				);
				MARKETING_VERSION = 1.0;
				PRODUCT_BUNDLE_IDENTIFIER = linconlrufino.TabBarMenuLab;
				PRODUCT_NAME = "$(TARGET_NAME)";
				SWIFT_EMIT_LOC_STRINGS = YES;
				SWIFT_VERSION = 5.0;
				TARGETED_DEVICE_FAMILY = "1,2";
			};
			name = Debug;
		};
		7D81A34A2AAACAD1000FA24B /* Release */ = {
			isa = XCBuildConfiguration;
			buildSettings = {
				ASSETCATALOG_COMPILER_APPICON_NAME = AppIcon;
				ASSETCATALOG_COMPILER_GLOBAL_ACCENT_COLOR_NAME = AccentColor;
				CODE_SIGN_STYLE = Automatic;
				CURRENT_PROJECT_VERSION = 1;
				DEVELOPMENT_TEAM = J974G5Q3H8;
				GENERATE_INFOPLIST_FILE = YES;
				INFOPLIST_FILE = TabBarMenuLab/Info.plist;
				INFOPLIST_KEY_UIApplicationSupportsIndirectInputEvents = YES;
				INFOPLIST_KEY_UILaunchStoryboardName = LaunchScreen;
				INFOPLIST_KEY_UISupportedInterfaceOrientations_iPad = "UIInterfaceOrientationPortrait UIInterfaceOrientationPortraitUpsideDown UIInterfaceOrientationLandscapeLeft UIInterfaceOrientationLandscapeRight";
				INFOPLIST_KEY_UISupportedInterfaceOrientations_iPhone = "UIInterfaceOrientationPortrait UIInterfaceOrientationLandscapeLeft UIInterfaceOrientationLandscapeRight";
				LD_RUNPATH_SEARCH_PATHS = (
					"$(inherited)",
					"@executable_path/Frameworks",
				);
				MARKETING_VERSION = 1.0;
				PRODUCT_BUNDLE_IDENTIFIER = linconlrufino.TabBarMenuLab;
				PRODUCT_NAME = "$(TARGET_NAME)";
				SWIFT_EMIT_LOC_STRINGS = YES;
				SWIFT_VERSION = 5.0;
				TARGETED_DEVICE_FAMILY = "1,2";
			};
			name = Release;
		};
/* End XCBuildConfiguration section */

/* Begin XCConfigurationList section */
		7D81A32F2AAACACE000FA24B /* Build configuration list for PBXProject "TabBarMenuLab" */ = {
			isa = XCConfigurationList;
			buildConfigurations = (
				7D81A3462AAACAD1000FA24B /* Debug */,
				7D81A3472AAACAD1000FA24B /* Release */,
			);
			defaultConfigurationIsVisible = 0;
			defaultConfigurationName = Release;
		};
		7D81A3482AAACAD1000FA24B /* Build configuration list for PBXNativeTarget "TabBarMenuLab" */ = {
			isa = XCConfigurationList;
			buildConfigurations = (
				7D81A3492AAACAD1000FA24B /* Debug */,
				7D81A34A2AAACAD1000FA24B /* Release */,
			);
			defaultConfigurationIsVisible = 0;
			defaultConfigurationName = Release;
		};
/* End XCConfigurationList section */
	};
	rootObject = 7D81A32C2AAACACE000FA24B /* Project object */;
}
